// !$*UTF8*$!
{
	archiveVersion = 1;
	classes = {
	};
	objectVersion = 56;
	objects = {

/* Begin PBXBuildFile section */
		AEC4ADEF29A4370C004FD7BD /* GlacioListsApp.swift in Sources */ = {isa = PBXBuildFile; fileRef = AEC4ADEE29A4370C004FD7BD /* GlacioListsApp.swift */; };
		AEC4ADF129A4370C004FD7BD /* ContentView.swift in Sources */ = {isa = PBXBuildFile; fileRef = AEC4ADF029A4370C004FD7BD /* ContentView.swift */; };
		AEC4ADF329A4370E004FD7BD /* Assets.xcassets in Resources */ = {isa = PBXBuildFile; fileRef = AEC4ADF229A4370E004FD7BD /* Assets.xcassets */; };
		AEC4ADF729A4370E004FD7BD /* Preview Assets.xcassets in Resources */ = {isa = PBXBuildFile; fileRef = AEC4ADF629A4370E004FD7BD /* Preview Assets.xcassets */; };
		AEC4AE0129A4370E004FD7BD /* GlacioListsTests.swift in Sources */ = {isa = PBXBuildFile; fileRef = AEC4AE0029A4370E004FD7BD /* GlacioListsTests.swift */; };
		AEC4AE0B29A4370E004FD7BD /* GlacioListsUITests.swift in Sources */ = {isa = PBXBuildFile; fileRef = AEC4AE0A29A4370E004FD7BD /* GlacioListsUITests.swift */; };
		AEC4AE0D29A4370E004FD7BD /* GlacioListsUITestsLaunchTests.swift in Sources */ = {isa = PBXBuildFile; fileRef = AEC4AE0C29A4370E004FD7BD /* GlacioListsUITestsLaunchTests.swift */; };
		AEC4AE1B29A43852004FD7BD /* Realm in Frameworks */ = {isa = PBXBuildFile; productRef = AEC4AE1A29A43852004FD7BD /* Realm */; };
		AEC4AE1D29A43852004FD7BD /* RealmSwift in Frameworks */ = {isa = PBXBuildFile; productRef = AEC4AE1C29A43852004FD7BD /* RealmSwift */; };
		AEC4AE1F29A43921004FD7BD /* ListItem.swift in Sources */ = {isa = PBXBuildFile; fileRef = AEC4AE1E29A43921004FD7BD /* ListItem.swift */; };
		AEC4AE2029A43921004FD7BD /* ListItem.swift in Sources */ = {isa = PBXBuildFile; fileRef = AEC4AE1E29A43921004FD7BD /* ListItem.swift */; };
		AEC4AE2229A43A93004FD7BD /* ListView.swift in Sources */ = {isa = PBXBuildFile; fileRef = AEC4AE2129A43A93004FD7BD /* ListView.swift */; };
		AEC4AE2329A43A93004FD7BD /* ListView.swift in Sources */ = {isa = PBXBuildFile; fileRef = AEC4AE2129A43A93004FD7BD /* ListView.swift */; };
		AEC4AE2629A51A75004FD7BD /* GlacioSwift in Frameworks */ = {isa = PBXBuildFile; productRef = AEC4AE2529A51A75004FD7BD /* GlacioSwift */; };
		AEC4AE2829A51D36004FD7BD /* RealmChangeObserver.swift in Sources */ = {isa = PBXBuildFile; fileRef = AEC4AE2729A51D36004FD7BD /* RealmChangeObserver.swift */; };
		FCA9337DCD0A5FE705DE5354 /* .gitignore in Resources */ = {isa = PBXBuildFile; fileRef = FCA933F97055E030E3F5F995 /* .gitignore */; };
/* End PBXBuildFile section */

/* Begin PBXContainerItemProxy section */
		AEC4ADFD29A4370E004FD7BD /* PBXContainerItemProxy */ = {
			isa = PBXContainerItemProxy;
			containerPortal = AEC4ADE329A4370C004FD7BD /* Project object */;
			proxyType = 1;
			remoteGlobalIDString = AEC4ADEA29A4370C004FD7BD;
			remoteInfo = GlacioLists;
		};
		AEC4AE0729A4370E004FD7BD /* PBXContainerItemProxy */ = {
			isa = PBXContainerItemProxy;
			containerPortal = AEC4ADE329A4370C004FD7BD /* Project object */;
			proxyType = 1;
			remoteGlobalIDString = AEC4ADEA29A4370C004FD7BD;
			remoteInfo = GlacioLists;
		};
/* End PBXContainerItemProxy section */

/* Begin PBXFileReference section */
		AEC4ADEB29A4370C004FD7BD /* GlacioLists.app */ = {isa = PBXFileReference; explicitFileType = wrapper.application; includeInIndex = 0; path = GlacioLists.app; sourceTree = BUILT_PRODUCTS_DIR; };
		AEC4ADEE29A4370C004FD7BD /* GlacioListsApp.swift */ = {isa = PBXFileReference; lastKnownFileType = sourcecode.swift; path = GlacioListsApp.swift; sourceTree = "<group>"; };
		AEC4ADF029A4370C004FD7BD /* ContentView.swift */ = {isa = PBXFileReference; lastKnownFileType = sourcecode.swift; path = ContentView.swift; sourceTree = "<group>"; };
		AEC4ADF229A4370E004FD7BD /* Assets.xcassets */ = {isa = PBXFileReference; lastKnownFileType = folder.assetcatalog; path = Assets.xcassets; sourceTree = "<group>"; };
		AEC4ADF429A4370E004FD7BD /* GlacioLists.entitlements */ = {isa = PBXFileReference; lastKnownFileType = text.plist.entitlements; path = GlacioLists.entitlements; sourceTree = "<group>"; };
		AEC4ADF629A4370E004FD7BD /* Preview Assets.xcassets */ = {isa = PBXFileReference; lastKnownFileType = folder.assetcatalog; path = "Preview Assets.xcassets"; sourceTree = "<group>"; };
		AEC4ADFC29A4370E004FD7BD /* GlacioListsTests.xctest */ = {isa = PBXFileReference; explicitFileType = wrapper.cfbundle; includeInIndex = 0; path = GlacioListsTests.xctest; sourceTree = BUILT_PRODUCTS_DIR; };
		AEC4AE0029A4370E004FD7BD /* GlacioListsTests.swift */ = {isa = PBXFileReference; lastKnownFileType = sourcecode.swift; path = GlacioListsTests.swift; sourceTree = "<group>"; };
		AEC4AE0629A4370E004FD7BD /* GlacioListsUITests.xctest */ = {isa = PBXFileReference; explicitFileType = wrapper.cfbundle; includeInIndex = 0; path = GlacioListsUITests.xctest; sourceTree = BUILT_PRODUCTS_DIR; };
		AEC4AE0A29A4370E004FD7BD /* GlacioListsUITests.swift */ = {isa = PBXFileReference; lastKnownFileType = sourcecode.swift; path = GlacioListsUITests.swift; sourceTree = "<group>"; };
		AEC4AE0C29A4370E004FD7BD /* GlacioListsUITestsLaunchTests.swift */ = {isa = PBXFileReference; lastKnownFileType = sourcecode.swift; path = GlacioListsUITestsLaunchTests.swift; sourceTree = "<group>"; };
		AEC4AE1E29A43921004FD7BD /* ListItem.swift */ = {isa = PBXFileReference; lastKnownFileType = sourcecode.swift; path = ListItem.swift; sourceTree = "<group>"; };
		AEC4AE2129A43A93004FD7BD /* ListView.swift */ = {isa = PBXFileReference; lastKnownFileType = sourcecode.swift; path = ListView.swift; sourceTree = "<group>"; };
		AEC4AE2729A51D36004FD7BD /* RealmChangeObserver.swift */ = {isa = PBXFileReference; lastKnownFileType = sourcecode.swift; path = RealmChangeObserver.swift; sourceTree = "<group>"; };
		FCA933F97055E030E3F5F995 /* .gitignore */ = {isa = PBXFileReference; lastKnownFileType = file.gitignore; path = .gitignore; sourceTree = "<group>"; };
/* End PBXFileReference section */

/* Begin PBXFrameworksBuildPhase section */
		AEC4ADE829A4370C004FD7BD /* Frameworks */ = {
			isa = PBXFrameworksBuildPhase;
			buildActionMask = 2147483647;
			files = (
				AEC4AE1D29A43852004FD7BD /* RealmSwift in Frameworks */,
				AEC4AE2629A51A75004FD7BD /* GlacioSwift in Frameworks */,
				AEC4AE1B29A43852004FD7BD /* Realm in Frameworks */,
			);
			runOnlyForDeploymentPostprocessing = 0;
		};
		AEC4ADF929A4370E004FD7BD /* Frameworks */ = {
			isa = PBXFrameworksBuildPhase;
			buildActionMask = 2147483647;
			files = (
			);
			runOnlyForDeploymentPostprocessing = 0;
		};
		AEC4AE0329A4370E004FD7BD /* Frameworks */ = {
			isa = PBXFrameworksBuildPhase;
			buildActionMask = 2147483647;
			files = (
			);
			runOnlyForDeploymentPostprocessing = 0;
		};
/* End PBXFrameworksBuildPhase section */

/* Begin PBXGroup section */
		AEC4ADE229A4370C004FD7BD = {
			isa = PBXGroup;
			children = (
				AEC4ADED29A4370C004FD7BD /* GlacioLists */,
				AEC4ADFF29A4370E004FD7BD /* GlacioListsTests */,
				AEC4AE0929A4370E004FD7BD /* GlacioListsUITests */,
				AEC4ADEC29A4370C004FD7BD /* Products */,
				FCA933F97055E030E3F5F995 /* .gitignore */,
			);
			sourceTree = "<group>";
		};
		AEC4ADEC29A4370C004FD7BD /* Products */ = {
			isa = PBXGroup;
			children = (
				AEC4ADEB29A4370C004FD7BD /* GlacioLists.app */,
				AEC4ADFC29A4370E004FD7BD /* GlacioListsTests.xctest */,
				AEC4AE0629A4370E004FD7BD /* GlacioListsUITests.xctest */,
			);
			name = Products;
			sourceTree = "<group>";
		};
		AEC4ADED29A4370C004FD7BD /* GlacioLists */ = {
			isa = PBXGroup;
			children = (
				AEC4ADEE29A4370C004FD7BD /* GlacioListsApp.swift */,
				AEC4ADF029A4370C004FD7BD /* ContentView.swift */,
				AEC4ADF229A4370E004FD7BD /* Assets.xcassets */,
				AEC4ADF429A4370E004FD7BD /* GlacioLists.entitlements */,
				AEC4ADF529A4370E004FD7BD /* Preview Content */,
				AEC4AE1E29A43921004FD7BD /* ListItem.swift */,
				AEC4AE2129A43A93004FD7BD /* ListView.swift */,
				AEC4AE2729A51D36004FD7BD /* RealmChangeObserver.swift */,
			);
			path = GlacioLists;
			sourceTree = "<group>";
		};
		AEC4ADF529A4370E004FD7BD /* Preview Content */ = {
			isa = PBXGroup;
			children = (
				AEC4ADF629A4370E004FD7BD /* Preview Assets.xcassets */,
			);
			path = "Preview Content";
			sourceTree = "<group>";
		};
		AEC4ADFF29A4370E004FD7BD /* GlacioListsTests */ = {
			isa = PBXGroup;
			children = (
				AEC4AE0029A4370E004FD7BD /* GlacioListsTests.swift */,
			);
			path = GlacioListsTests;
			sourceTree = "<group>";
		};
		AEC4AE0929A4370E004FD7BD /* GlacioListsUITests */ = {
			isa = PBXGroup;
			children = (
				AEC4AE0A29A4370E004FD7BD /* GlacioListsUITests.swift */,
				AEC4AE0C29A4370E004FD7BD /* GlacioListsUITestsLaunchTests.swift */,
			);
			path = GlacioListsUITests;
			sourceTree = "<group>";
		};
/* End PBXGroup section */

/* Begin PBXNativeTarget section */
		AEC4ADEA29A4370C004FD7BD /* GlacioLists */ = {
			isa = PBXNativeTarget;
			buildConfigurationList = AEC4AE1029A4370E004FD7BD /* Build configuration list for PBXNativeTarget "GlacioLists" */;
			buildPhases = (
				AEC4ADE729A4370C004FD7BD /* Sources */,
				AEC4ADE829A4370C004FD7BD /* Frameworks */,
				AEC4ADE929A4370C004FD7BD /* Resources */,
			);
			buildRules = (
			);
			dependencies = (
			);
			name = GlacioLists;
			packageProductDependencies = (
				AEC4AE1A29A43852004FD7BD /* Realm */,
				AEC4AE1C29A43852004FD7BD /* RealmSwift */,
				AEC4AE2529A51A75004FD7BD /* GlacioSwift */,
			);
			productName = GlacioLists;
			productReference = AEC4ADEB29A4370C004FD7BD /* GlacioLists.app */;
			productType = "com.apple.product-type.application";
		};
		AEC4ADFB29A4370E004FD7BD /* GlacioListsTests */ = {
			isa = PBXNativeTarget;
			buildConfigurationList = AEC4AE1329A4370E004FD7BD /* Build configuration list for PBXNativeTarget "GlacioListsTests" */;
			buildPhases = (
				AEC4ADF829A4370E004FD7BD /* Sources */,
				AEC4ADF929A4370E004FD7BD /* Frameworks */,
				AEC4ADFA29A4370E004FD7BD /* Resources */,
			);
			buildRules = (
			);
			dependencies = (
				AEC4ADFE29A4370E004FD7BD /* PBXTargetDependency */,
			);
			name = GlacioListsTests;
			productName = GlacioListsTests;
			productReference = AEC4ADFC29A4370E004FD7BD /* GlacioListsTests.xctest */;
			productType = "com.apple.product-type.bundle.unit-test";
		};
		AEC4AE0529A4370E004FD7BD /* GlacioListsUITests */ = {
			isa = PBXNativeTarget;
			buildConfigurationList = AEC4AE1629A4370E004FD7BD /* Build configuration list for PBXNativeTarget "GlacioListsUITests" */;
			buildPhases = (
				AEC4AE0229A4370E004FD7BD /* Sources */,
				AEC4AE0329A4370E004FD7BD /* Frameworks */,
				AEC4AE0429A4370E004FD7BD /* Resources */,
			);
			buildRules = (
			);
			dependencies = (
				AEC4AE0829A4370E004FD7BD /* PBXTargetDependency */,
			);
			name = GlacioListsUITests;
			productName = GlacioListsUITests;
			productReference = AEC4AE0629A4370E004FD7BD /* GlacioListsUITests.xctest */;
			productType = "com.apple.product-type.bundle.ui-testing";
		};
/* End PBXNativeTarget section */

/* Begin PBXProject section */
		AEC4ADE329A4370C004FD7BD /* Project object */ = {
			isa = PBXProject;
			attributes = {
				BuildIndependentTargetsInParallel = 1;
				LastSwiftUpdateCheck = 1420;
				LastUpgradeCheck = 1420;
				TargetAttributes = {
					AEC4ADEA29A4370C004FD7BD = {
						CreatedOnToolsVersion = 14.2;
					};
					AEC4ADFB29A4370E004FD7BD = {
						CreatedOnToolsVersion = 14.2;
						TestTargetID = AEC4ADEA29A4370C004FD7BD;
					};
					AEC4AE0529A4370E004FD7BD = {
						CreatedOnToolsVersion = 14.2;
						TestTargetID = AEC4ADEA29A4370C004FD7BD;
					};
				};
			};
			buildConfigurationList = AEC4ADE629A4370C004FD7BD /* Build configuration list for PBXProject "GlacioLists" */;
			compatibilityVersion = "Xcode 14.0";
			developmentRegion = en;
			hasScannedForEncodings = 0;
			knownRegions = (
				en,
				Base,
			);
			mainGroup = AEC4ADE229A4370C004FD7BD;
			packageReferences = (
				AEC4AE1929A43852004FD7BD /* XCRemoteSwiftPackageReference "realm-swift" */,
				AEC4AE2429A51A75004FD7BD /* XCRemoteSwiftPackageReference "GlacioSwift" */,
			);
			productRefGroup = AEC4ADEC29A4370C004FD7BD /* Products */;
			projectDirPath = "";
			projectRoot = "";
			targets = (
				AEC4ADEA29A4370C004FD7BD /* GlacioLists */,
				AEC4ADFB29A4370E004FD7BD /* GlacioListsTests */,
				AEC4AE0529A4370E004FD7BD /* GlacioListsUITests */,
			);
		};
/* End PBXProject section */

/* Begin PBXResourcesBuildPhase section */
		AEC4ADE929A4370C004FD7BD /* Resources */ = {
			isa = PBXResourcesBuildPhase;
			buildActionMask = 2147483647;
			files = (
				AEC4ADF729A4370E004FD7BD /* Preview Assets.xcassets in Resources */,
				AEC4ADF329A4370E004FD7BD /* Assets.xcassets in Resources */,
				FCA9337DCD0A5FE705DE5354 /* .gitignore in Resources */,
			);
			runOnlyForDeploymentPostprocessing = 0;
		};
		AEC4ADFA29A4370E004FD7BD /* Resources */ = {
			isa = PBXResourcesBuildPhase;
			buildActionMask = 2147483647;
			files = (
			);
			runOnlyForDeploymentPostprocessing = 0;
		};
		AEC4AE0429A4370E004FD7BD /* Resources */ = {
			isa = PBXResourcesBuildPhase;
			buildActionMask = 2147483647;
			files = (
			);
			runOnlyForDeploymentPostprocessing = 0;
		};
/* End PBXResourcesBuildPhase section */

/* Begin PBXSourcesBuildPhase section */
		AEC4ADE729A4370C004FD7BD /* Sources */ = {
			isa = PBXSourcesBuildPhase;
			buildActionMask = 2147483647;
			files = (
				AEC4AE2229A43A93004FD7BD /* ListView.swift in Sources */,
				AEC4AE1F29A43921004FD7BD /* ListItem.swift in Sources */,
				AEC4ADF129A4370C004FD7BD /* ContentView.swift in Sources */,
				AEC4ADEF29A4370C004FD7BD /* GlacioListsApp.swift in Sources */,
				AEC4AE2829A51D36004FD7BD /* RealmChangeObserver.swift in Sources */,
			);
			runOnlyForDeploymentPostprocessing = 0;
		};
		AEC4ADF829A4370E004FD7BD /* Sources */ = {
			isa = PBXSourcesBuildPhase;
			buildActionMask = 2147483647;
			files = (
				AEC4AE2029A43921004FD7BD /* ListItem.swift in Sources */,
				AEC4AE0129A4370E004FD7BD /* GlacioListsTests.swift in Sources */,
				AEC4AE2329A43A93004FD7BD /* ListView.swift in Sources */,
			);
			runOnlyForDeploymentPostprocessing = 0;
		};
		AEC4AE0229A4370E004FD7BD /* Sources */ = {
			isa = PBXSourcesBuildPhase;
			buildActionMask = 2147483647;
			files = (
				AEC4AE0B29A4370E004FD7BD /* GlacioListsUITests.swift in Sources */,
				AEC4AE0D29A4370E004FD7BD /* GlacioListsUITestsLaunchTests.swift in Sources */,
			);
			runOnlyForDeploymentPostprocessing = 0;
		};
/* End PBXSourcesBuildPhase section */

/* Begin PBXTargetDependency section */
		AEC4ADFE29A4370E004FD7BD /* PBXTargetDependency */ = {
			isa = PBXTargetDependency;
			target = AEC4ADEA29A4370C004FD7BD /* GlacioLists */;
			targetProxy = AEC4ADFD29A4370E004FD7BD /* PBXContainerItemProxy */;
		};
		AEC4AE0829A4370E004FD7BD /* PBXTargetDependency */ = {
			isa = PBXTargetDependency;
			target = AEC4ADEA29A4370C004FD7BD /* GlacioLists */;
			targetProxy = AEC4AE0729A4370E004FD7BD /* PBXContainerItemProxy */;
		};
/* End PBXTargetDependency section */

/* Begin XCBuildConfiguration section */
		AEC4AE0E29A4370E004FD7BD /* Debug */ = {
			isa = XCBuildConfiguration;
			buildSettings = {
				ALWAYS_SEARCH_USER_PATHS = NO;
				CLANG_ANALYZER_NONNULL = YES;
				CLANG_ANALYZER_NUMBER_OBJECT_CONVERSION = YES_AGGRESSIVE;
				CLANG_CXX_LANGUAGE_STANDARD = "gnu++20";
				CLANG_ENABLE_MODULES = YES;
				CLANG_ENABLE_OBJC_ARC = YES;
				CLANG_ENABLE_OBJC_WEAK = YES;
				CLANG_WARN_BLOCK_CAPTURE_AUTORELEASING = YES;
				CLANG_WARN_BOOL_CONVERSION = YES;
				CLANG_WARN_COMMA = YES;
				CLANG_WARN_CONSTANT_CONVERSION = YES;
				CLANG_WARN_DEPRECATED_OBJC_IMPLEMENTATIONS = YES;
				CLANG_WARN_DIRECT_OBJC_ISA_USAGE = YES_ERROR;
				CLANG_WARN_DOCUMENTATION_COMMENTS = YES;
				CLANG_WARN_EMPTY_BODY = YES;
				CLANG_WARN_ENUM_CONVERSION = YES;
				CLANG_WARN_INFINITE_RECURSION = YES;
				CLANG_WARN_INT_CONVERSION = YES;
				CLANG_WARN_NON_LITERAL_NULL_CONVERSION = YES;
				CLANG_WARN_OBJC_IMPLICIT_RETAIN_SELF = YES;
				CLANG_WARN_OBJC_LITERAL_CONVERSION = YES;
				CLANG_WARN_OBJC_ROOT_CLASS = YES_ERROR;
				CLANG_WARN_QUOTED_INCLUDE_IN_FRAMEWORK_HEADER = YES;
				CLANG_WARN_RANGE_LOOP_ANALYSIS = YES;
				CLANG_WARN_STRICT_PROTOTYPES = YES;
				CLANG_WARN_SUSPICIOUS_MOVE = YES;
				CLANG_WARN_UNGUARDED_AVAILABILITY = YES_AGGRESSIVE;
				CLANG_WARN_UNREACHABLE_CODE = YES;
				CLANG_WARN__DUPLICATE_METHOD_MATCH = YES;
				COPY_PHASE_STRIP = NO;
				DEBUG_INFORMATION_FORMAT = dwarf;
				ENABLE_STRICT_OBJC_MSGSEND = YES;
				ENABLE_TESTABILITY = YES;
				GCC_C_LANGUAGE_STANDARD = gnu11;
				GCC_DYNAMIC_NO_PIC = NO;
				GCC_NO_COMMON_BLOCKS = YES;
				GCC_OPTIMIZATION_LEVEL = 0;
				GCC_PREPROCESSOR_DEFINITIONS = (
					"DEBUG=1",
					"$(inherited)",
				);
				GCC_WARN_64_TO_32_BIT_CONVERSION = YES;
				GCC_WARN_ABOUT_RETURN_TYPE = YES_ERROR;
				GCC_WARN_UNDECLARED_SELECTOR = YES;
				GCC_WARN_UNINITIALIZED_AUTOS = YES_AGGRESSIVE;
				GCC_WARN_UNUSED_FUNCTION = YES;
				GCC_WARN_UNUSED_VARIABLE = YES;
				MTL_ENABLE_DEBUG_INFO = INCLUDE_SOURCE;
				MTL_FAST_MATH = YES;
				ONLY_ACTIVE_ARCH = YES;
				SWIFT_ACTIVE_COMPILATION_CONDITIONS = DEBUG;
				SWIFT_OPTIMIZATION_LEVEL = "-Onone";
			};
			name = Debug;
		};
		AEC4AE0F29A4370E004FD7BD /* Release */ = {
			isa = XCBuildConfiguration;
			buildSettings = {
				ALWAYS_SEARCH_USER_PATHS = NO;
				CLANG_ANALYZER_NONNULL = YES;
				CLANG_ANALYZER_NUMBER_OBJECT_CONVERSION = YES_AGGRESSIVE;
				CLANG_CXX_LANGUAGE_STANDARD = "gnu++20";
				CLANG_ENABLE_MODULES = YES;
				CLANG_ENABLE_OBJC_ARC = YES;
				CLANG_ENABLE_OBJC_WEAK = YES;
				CLANG_WARN_BLOCK_CAPTURE_AUTORELEASING = YES;
				CLANG_WARN_BOOL_CONVERSION = YES;
				CLANG_WARN_COMMA = YES;
				CLANG_WARN_CONSTANT_CONVERSION = YES;
				CLANG_WARN_DEPRECATED_OBJC_IMPLEMENTATIONS = YES;
				CLANG_WARN_DIRECT_OBJC_ISA_USAGE = YES_ERROR;
				CLANG_WARN_DOCUMENTATION_COMMENTS = YES;
				CLANG_WARN_EMPTY_BODY = YES;
				CLANG_WARN_ENUM_CONVERSION = YES;
				CLANG_WARN_INFINITE_RECURSION = YES;
				CLANG_WARN_INT_CONVERSION = YES;
				CLANG_WARN_NON_LITERAL_NULL_CONVERSION = YES;
				CLANG_WARN_OBJC_IMPLICIT_RETAIN_SELF = YES;
				CLANG_WARN_OBJC_LITERAL_CONVERSION = YES;
				CLANG_WARN_OBJC_ROOT_CLASS = YES_ERROR;
				CLANG_WARN_QUOTED_INCLUDE_IN_FRAMEWORK_HEADER = YES;
				CLANG_WARN_RANGE_LOOP_ANALYSIS = YES;
				CLANG_WARN_STRICT_PROTOTYPES = YES;
				CLANG_WARN_SUSPICIOUS_MOVE = YES;
				CLANG_WARN_UNGUARDED_AVAILABILITY = YES_AGGRESSIVE;
				CLANG_WARN_UNREACHABLE_CODE = YES;
				CLANG_WARN__DUPLICATE_METHOD_MATCH = YES;
				COPY_PHASE_STRIP = NO;
				DEBUG_INFORMATION_FORMAT = "dwarf-with-dsym";
				ENABLE_NS_ASSERTIONS = NO;
				ENABLE_STRICT_OBJC_MSGSEND = YES;
				GCC_C_LANGUAGE_STANDARD = gnu11;
				GCC_NO_COMMON_BLOCKS = YES;
				GCC_WARN_64_TO_32_BIT_CONVERSION = YES;
				GCC_WARN_ABOUT_RETURN_TYPE = YES_ERROR;
				GCC_WARN_UNDECLARED_SELECTOR = YES;
				GCC_WARN_UNINITIALIZED_AUTOS = YES_AGGRESSIVE;
				GCC_WARN_UNUSED_FUNCTION = YES;
				GCC_WARN_UNUSED_VARIABLE = YES;
				MTL_ENABLE_DEBUG_INFO = NO;
				MTL_FAST_MATH = YES;
				SWIFT_COMPILATION_MODE = wholemodule;
				SWIFT_OPTIMIZATION_LEVEL = "-O";
			};
			name = Release;
		};
		AEC4AE1129A4370E004FD7BD /* Debug */ = {
			isa = XCBuildConfiguration;
			buildSettings = {
				ASSETCATALOG_COMPILER_APPICON_NAME = AppIcon;
				ASSETCATALOG_COMPILER_GLOBAL_ACCENT_COLOR_NAME = AccentColor;
				CODE_SIGN_ENTITLEMENTS = GlacioLists/GlacioLists.entitlements;
				CODE_SIGN_STYLE = Automatic;
				CURRENT_PROJECT_VERSION = 1;
				DEVELOPMENT_ASSET_PATHS = "\"GlacioLists/Preview Content\"";
				DEVELOPMENT_TEAM = 9QTWJ837VC;
				ENABLE_HARDENED_RUNTIME = YES;
				ENABLE_PREVIEWS = YES;
				GENERATE_INFOPLIST_FILE = YES;
				"INFOPLIST_KEY_UIApplicationSceneManifest_Generation[sdk=iphoneos*]" = YES;
				"INFOPLIST_KEY_UIApplicationSceneManifest_Generation[sdk=iphonesimulator*]" = YES;
				"INFOPLIST_KEY_UIApplicationSupportsIndirectInputEvents[sdk=iphoneos*]" = YES;
				"INFOPLIST_KEY_UIApplicationSupportsIndirectInputEvents[sdk=iphonesimulator*]" = YES;
				"INFOPLIST_KEY_UILaunchScreen_Generation[sdk=iphoneos*]" = YES;
				"INFOPLIST_KEY_UILaunchScreen_Generation[sdk=iphonesimulator*]" = YES;
				"INFOPLIST_KEY_UIStatusBarStyle[sdk=iphoneos*]" = UIStatusBarStyleDefault;
				"INFOPLIST_KEY_UIStatusBarStyle[sdk=iphonesimulator*]" = UIStatusBarStyleDefault;
				INFOPLIST_KEY_UISupportedInterfaceOrientations_iPad = "UIInterfaceOrientationPortrait UIInterfaceOrientationPortraitUpsideDown UIInterfaceOrientationLandscapeLeft UIInterfaceOrientationLandscapeRight";
				INFOPLIST_KEY_UISupportedInterfaceOrientations_iPhone = "UIInterfaceOrientationPortrait UIInterfaceOrientationLandscapeLeft UIInterfaceOrientationLandscapeRight";
				IPHONEOS_DEPLOYMENT_TARGET = 16.2;
				LD_RUNPATH_SEARCH_PATHS = "@executable_path/Frameworks";
				"LD_RUNPATH_SEARCH_PATHS[sdk=macosx*]" = "@executable_path/../Frameworks";
				MACOSX_DEPLOYMENT_TARGET = 12.6;
				MARKETING_VERSION = 1.0;
				PRODUCT_BUNDLE_IDENTIFIER = glaciotech.GlacioLists;
				PRODUCT_NAME = "$(TARGET_NAME)";
				SDKROOT = auto;
				SUPPORTED_PLATFORMS = "iphoneos iphonesimulator macosx";
				SWIFT_EMIT_LOC_STRINGS = YES;
				SWIFT_VERSION = 5.0;
				TARGETED_DEVICE_FAMILY = "1,2";
			};
			name = Debug;
		};
		AEC4AE1229A4370E004FD7BD /* Release */ = {
			isa = XCBuildConfiguration;
			buildSettings = {
				ASSETCATALOG_COMPILER_APPICON_NAME = AppIcon;
				ASSETCATALOG_COMPILER_GLOBAL_ACCENT_COLOR_NAME = AccentColor;
				CODE_SIGN_ENTITLEMENTS = GlacioLists/GlacioLists.entitlements;
				CODE_SIGN_STYLE = Automatic;
				CURRENT_PROJECT_VERSION = 1;
				DEVELOPMENT_ASSET_PATHS = "\"GlacioLists/Preview Content\"";
				DEVELOPMENT_TEAM = 9QTWJ837VC;
				ENABLE_HARDENED_RUNTIME = YES;
				ENABLE_PREVIEWS = YES;
				GENERATE_INFOPLIST_FILE = YES;
				"INFOPLIST_KEY_UIApplicationSceneManifest_Generation[sdk=iphoneos*]" = YES;
				"INFOPLIST_KEY_UIApplicationSceneManifest_Generation[sdk=iphonesimulator*]" = YES;
				"INFOPLIST_KEY_UIApplicationSupportsIndirectInputEvents[sdk=iphoneos*]" = YES;
				"INFOPLIST_KEY_UIApplicationSupportsIndirectInputEvents[sdk=iphonesimulator*]" = YES;
				"INFOPLIST_KEY_UILaunchScreen_Generation[sdk=iphoneos*]" = YES;
				"INFOPLIST_KEY_UILaunchScreen_Generation[sdk=iphonesimulator*]" = YES;
				"INFOPLIST_KEY_UIStatusBarStyle[sdk=iphoneos*]" = UIStatusBarStyleDefault;
				"INFOPLIST_KEY_UIStatusBarStyle[sdk=iphonesimulator*]" = UIStatusBarStyleDefault;
				INFOPLIST_KEY_UISupportedInterfaceOrientations_iPad = "UIInterfaceOrientationPortrait UIInterfaceOrientationPortraitUpsideDown UIInterfaceOrientationLandscapeLeft UIInterfaceOrientationLandscapeRight";
				INFOPLIST_KEY_UISupportedInterfaceOrientations_iPhone = "UIInterfaceOrientationPortrait UIInterfaceOrientationLandscapeLeft UIInterfaceOrientationLandscapeRight";
				IPHONEOS_DEPLOYMENT_TARGET = 16.2;
				LD_RUNPATH_SEARCH_PATHS = "@executable_path/Frameworks";
				"LD_RUNPATH_SEARCH_PATHS[sdk=macosx*]" = "@executable_path/../Frameworks";
				MACOSX_DEPLOYMENT_TARGET = 12.6;
				MARKETING_VERSION = 1.0;
				PRODUCT_BUNDLE_IDENTIFIER = glaciotech.GlacioLists;
				PRODUCT_NAME = "$(TARGET_NAME)";
				SDKROOT = auto;
				SUPPORTED_PLATFORMS = "iphoneos iphonesimulator macosx";
				SWIFT_EMIT_LOC_STRINGS = YES;
				SWIFT_VERSION = 5.0;
				TARGETED_DEVICE_FAMILY = "1,2";
			};
			name = Release;
		};
		AEC4AE1429A4370E004FD7BD /* Debug */ = {
			isa = XCBuildConfiguration;
			buildSettings = {
				ALWAYS_EMBED_SWIFT_STANDARD_LIBRARIES = YES;
				BUNDLE_LOADER = "$(TEST_HOST)";
				CODE_SIGN_STYLE = Automatic;
				CURRENT_PROJECT_VERSION = 1;
				DEVELOPMENT_TEAM = 9QTWJ837VC;
				GENERATE_INFOPLIST_FILE = YES;
				IPHONEOS_DEPLOYMENT_TARGET = 16.2;
				MACOSX_DEPLOYMENT_TARGET = 12.6;
				MARKETING_VERSION = 1.0;
				PRODUCT_BUNDLE_IDENTIFIER = glaciotech.GlacioListsTests;
				PRODUCT_NAME = "$(TARGET_NAME)";
				SDKROOT = auto;
				SUPPORTED_PLATFORMS = "iphoneos iphonesimulator macosx";
				SWIFT_EMIT_LOC_STRINGS = NO;
				SWIFT_VERSION = 5.0;
				TARGETED_DEVICE_FAMILY = "1,2";
				TEST_HOST = "$(BUILT_PRODUCTS_DIR)/GlacioLists.app/$(BUNDLE_EXECUTABLE_FOLDER_PATH)/GlacioLists";
			};
			name = Debug;
		};
		AEC4AE1529A4370E004FD7BD /* Release */ = {
			isa = XCBuildConfiguration;
			buildSettings = {
				ALWAYS_EMBED_SWIFT_STANDARD_LIBRARIES = YES;
				BUNDLE_LOADER = "$(TEST_HOST)";
				CODE_SIGN_STYLE = Automatic;
				CURRENT_PROJECT_VERSION = 1;
				DEVELOPMENT_TEAM = 9QTWJ837VC;
				GENERATE_INFOPLIST_FILE = YES;
				IPHONEOS_DEPLOYMENT_TARGET = 16.2;
				MACOSX_DEPLOYMENT_TARGET = 12.6;
				MARKETING_VERSION = 1.0;
				PRODUCT_BUNDLE_IDENTIFIER = glaciotech.GlacioListsTests;
				PRODUCT_NAME = "$(TARGET_NAME)";
				SDKROOT = auto;
				SUPPORTED_PLATFORMS = "iphoneos iphonesimulator macosx";
				SWIFT_EMIT_LOC_STRINGS = NO;
				SWIFT_VERSION = 5.0;
				TARGETED_DEVICE_FAMILY = "1,2";
				TEST_HOST = "$(BUILT_PRODUCTS_DIR)/GlacioLists.app/$(BUNDLE_EXECUTABLE_FOLDER_PATH)/GlacioLists";
			};
			name = Release;
		};
		AEC4AE1729A4370E004FD7BD /* Debug */ = {
			isa = XCBuildConfiguration;
			buildSettings = {
				ALWAYS_EMBED_SWIFT_STANDARD_LIBRARIES = YES;
				CODE_SIGN_STYLE = Automatic;
				CURRENT_PROJECT_VERSION = 1;
				DEVELOPMENT_TEAM = 9QTWJ837VC;
				GENERATE_INFOPLIST_FILE = YES;
				IPHONEOS_DEPLOYMENT_TARGET = 16.2;
				MACOSX_DEPLOYMENT_TARGET = 12.6;
				MARKETING_VERSION = 1.0;
				PRODUCT_BUNDLE_IDENTIFIER = glaciotech.GlacioListsUITests;
				PRODUCT_NAME = "$(TARGET_NAME)";
				SDKROOT = auto;
				SUPPORTED_PLATFORMS = "iphoneos iphonesimulator macosx";
				SWIFT_EMIT_LOC_STRINGS = NO;
				SWIFT_VERSION = 5.0;
				TARGETED_DEVICE_FAMILY = "1,2";
				TEST_TARGET_NAME = GlacioLists;
			};
			name = Debug;
		};
		AEC4AE1829A4370E004FD7BD /* Release */ = {
			isa = XCBuildConfiguration;
			buildSettings = {
				ALWAYS_EMBED_SWIFT_STANDARD_LIBRARIES = YES;
				CODE_SIGN_STYLE = Automatic;
				CURRENT_PROJECT_VERSION = 1;
				DEVELOPMENT_TEAM = 9QTWJ837VC;
				GENERATE_INFOPLIST_FILE = YES;
				IPHONEOS_DEPLOYMENT_TARGET = 16.2;
				MACOSX_DEPLOYMENT_TARGET = 12.6;
				MARKETING_VERSION = 1.0;
				PRODUCT_BUNDLE_IDENTIFIER = glaciotech.GlacioListsUITests;
				PRODUCT_NAME = "$(TARGET_NAME)";
				SDKROOT = auto;
				SUPPORTED_PLATFORMS = "iphoneos iphonesimulator macosx";
				SWIFT_EMIT_LOC_STRINGS = NO;
				SWIFT_VERSION = 5.0;
				TARGETED_DEVICE_FAMILY = "1,2";
				TEST_TARGET_NAME = GlacioLists;
			};
			name = Release;
		};
/* End XCBuildConfiguration section */

/* Begin XCConfigurationList section */
		AEC4ADE629A4370C004FD7BD /* Build configuration list for PBXProject "GlacioLists" */ = {
			isa = XCConfigurationList;
			buildConfigurations = (
				AEC4AE0E29A4370E004FD7BD /* Debug */,
				AEC4AE0F29A4370E004FD7BD /* Release */,
			);
			defaultConfigurationIsVisible = 0;
			defaultConfigurationName = Release;
		};
		AEC4AE1029A4370E004FD7BD /* Build configuration list for PBXNativeTarget "GlacioLists" */ = {
			isa = XCConfigurationList;
			buildConfigurations = (
				AEC4AE1129A4370E004FD7BD /* Debug */,
				AEC4AE1229A4370E004FD7BD /* Release */,
			);
			defaultConfigurationIsVisible = 0;
			defaultConfigurationName = Release;
		};
		AEC4AE1329A4370E004FD7BD /* Build configuration list for PBXNativeTarget "GlacioListsTests" */ = {
			isa = XCConfigurationList;
			buildConfigurations = (
				AEC4AE1429A4370E004FD7BD /* Debug */,
				AEC4AE1529A4370E004FD7BD /* Release */,
			);
			defaultConfigurationIsVisible = 0;
			defaultConfigurationName = Release;
		};
		AEC4AE1629A4370E004FD7BD /* Build configuration list for PBXNativeTarget "GlacioListsUITests" */ = {
			isa = XCConfigurationList;
			buildConfigurations = (
				AEC4AE1729A4370E004FD7BD /* Debug */,
				AEC4AE1829A4370E004FD7BD /* Release */,
			);
			defaultConfigurationIsVisible = 0;
			defaultConfigurationName = Release;
		};
/* End XCConfigurationList section */

/* Begin XCRemoteSwiftPackageReference section */
		AEC4AE1929A43852004FD7BD /* XCRemoteSwiftPackageReference "realm-swift" */ = {
			isa = XCRemoteSwiftPackageReference;
			repositoryURL = "https://github.com/realm/realm-swift";
			requirement = {
				kind = upToNextMajorVersion;
				minimumVersion = 10.0.0;
			};
		};
		AEC4AE2429A51A75004FD7BD /* XCRemoteSwiftPackageReference "GlacioSwift" */ = {
			isa = XCRemoteSwiftPackageReference;
			repositoryURL = "https://github.com/glaciotech/GlacioSwift.git";
			requirement = {
				branch = master;
				kind = branch;
			};
		};
/* End XCRemoteSwiftPackageReference section */

/* Begin XCSwiftPackageProductDependency section */
		AEC4AE1A29A43852004FD7BD /* Realm */ = {
			isa = XCSwiftPackageProductDependency;
			package = AEC4AE1929A43852004FD7BD /* XCRemoteSwiftPackageReference "realm-swift" */;
			productName = Realm;
		};
		AEC4AE1C29A43852004FD7BD /* RealmSwift */ = {
			isa = XCSwiftPackageProductDependency;
			package = AEC4AE1929A43852004FD7BD /* XCRemoteSwiftPackageReference "realm-swift" */;
			productName = RealmSwift;
		};
		AEC4AE2529A51A75004FD7BD /* GlacioSwift */ = {
			isa = XCSwiftPackageProductDependency;
			package = AEC4AE2429A51A75004FD7BD /* XCRemoteSwiftPackageReference "GlacioSwift" */;
			productName = GlacioSwift;
		};
/* End XCSwiftPackageProductDependency section */
	};
	rootObject = AEC4ADE329A4370C004FD7BD /* Project object */;
}
